
Microsoft Visual Studio Solution File, Format Version 12.00
# Visual Studio Version 16
VisualStudioVersion = 16.0.30804.86
MinimumVisualStudioVersion = 10.0.40219.1
Project("{FAE04EC0-301F-11D3-BF4B-00C04F79EFBC}") = "Mesajlaşma Uygulaması", "Mesajlaşma Uygulaması\Mesajlaşma Uygulaması.csproj", "{A3F7FFEB-7F97-4967-AA2B-CBE189C2A23F}"
EndProject
Global
	GlobalSection(SolutionConfigurationPlatforms) = preSolution
		Debug|Any CPU = Debug|Any CPU
		Release|Any CPU = Release|Any CPU
	EndGlobalSection
	GlobalSection(ProjectConfigurationPlatforms) = postSolution
		{A3F7FFEB-7F97-4967-AA2B-CBE189C2A23F}.Debug|Any CPU.ActiveCfg = Debug|Any CPU
		{A3F7FFEB-7F97-4967-AA2B-CBE189C2A23F}.Debug|Any CPU.Build.0 = Debug|Any CPU
		{A3F7FFEB-7F97-4967-AA2B-CBE189C2A23F}.Release|Any CPU.ActiveCfg = Release|Any CPU
		{A3F7FFEB-7F97-4967-AA2B-CBE189C2A23F}.Release|Any CPU.Build.0 = Release|Any CPU
	EndGlobalSection
	GlobalSection(SolutionProperties) = preSolution
		HideSolutionNode = FALSE
	EndGlobalSection
	GlobalSection(ExtensibilityGlobals) = postSolution
		SolutionGuid = {0EB99470-3078-482B-B92F-18AEA7F7E85B}
	EndGlobalSection
EndGlobal
